
Microsoft Visual Studio Solution File, Format Version 12.00
# Visual Studio Version 16
VisualStudioVersion = 16.0.31019.35
MinimumVisualStudioVersion = 10.0.40219.1
Project("{9A19103F-16F7-4668-BE54-9A1E7A4F7556}") = "Kampintro", "Kampintro\Kampintro.csproj", "{73504488-D45D-496B-AEB0-326B08FA926B}"
EndProject
Project("{9A19103F-16F7-4668-BE54-9A1E7A4F7556}") = "Methods", "Methods\Methods.csproj", "{EB353920-B0C7-4035-A1EE-BBEE64837C70}"
EndProject
Project("{9A19103F-16F7-4668-BE54-9A1E7A4F7556}") = "Math", "Math\Math.csproj", "{B33D1E12-9D0A-4D14-8D4C-217F4774B73E}"
EndProject
Project("{9A19103F-16F7-4668-BE54-9A1E7A4F7556}") = "ValueandReferenceTypes", "DegerveReferansTipler\ValueandReferenceTypes.csproj", "{F0CE054A-E6DF-49B0-90BF-FB481609A23F}"
EndProject
Project("{FAE04EC0-301F-11D3-BF4B-00C04F79EFBC}") = "OOP1", "OOP1\OOP1.csproj", "{1A7F92D7-D524-4277-8E66-DBC90EA469C2}"
EndProject
Project("{FAE04EC0-301F-11D3-BF4B-00C04F79EFBC}") = "Collections", "Collections\Collections.csproj", "{2DF14152-20E7-4C7A-8FCB-8BF4537E8AD1}"
EndProject
Project("{FAE04EC0-301F-11D3-BF4B-00C04F79EFBC}") = "GenericsIntro", "GenericsIntro\GenericsIntro.csproj", "{EF6731B9-1792-4B62-A67B-C62DC2756E46}"
EndProject
Global
	GlobalSection(SolutionConfigurationPlatforms) = preSolution
		Debug|Any CPU = Debug|Any CPU
		Release|Any CPU = Release|Any CPU
	EndGlobalSection
	GlobalSection(ProjectConfigurationPlatforms) = postSolution
		{73504488-D45D-496B-AEB0-326B08FA926B}.Debug|Any CPU.ActiveCfg = Debug|Any CPU
		{73504488-D45D-496B-AEB0-326B08FA926B}.Debug|Any CPU.Build.0 = Debug|Any CPU
		{73504488-D45D-496B-AEB0-326B08FA926B}.Release|Any CPU.ActiveCfg = Release|Any CPU
		{73504488-D45D-496B-AEB0-326B08FA926B}.Release|Any CPU.Build.0 = Release|Any CPU
		{EB353920-B0C7-4035-A1EE-BBEE64837C70}.Debug|Any CPU.ActiveCfg = Debug|Any CPU
		{EB353920-B0C7-4035-A1EE-BBEE64837C70}.Debug|Any CPU.Build.0 = Debug|Any CPU
		{EB353920-B0C7-4035-A1EE-BBEE64837C70}.Release|Any CPU.ActiveCfg = Release|Any CPU
		{EB353920-B0C7-4035-A1EE-BBEE64837C70}.Release|Any CPU.Build.0 = Release|Any CPU
		{B33D1E12-9D0A-4D14-8D4C-217F4774B73E}.Debug|Any CPU.ActiveCfg = Debug|Any CPU
		{B33D1E12-9D0A-4D14-8D4C-217F4774B73E}.Debug|Any CPU.Build.0 = Debug|Any CPU
		{B33D1E12-9D0A-4D14-8D4C-217F4774B73E}.Release|Any CPU.ActiveCfg = Release|Any CPU
		{B33D1E12-9D0A-4D14-8D4C-217F4774B73E}.Release|Any CPU.Build.0 = Release|Any CPU
		{F0CE054A-E6DF-49B0-90BF-FB481609A23F}.Debug|Any CPU.ActiveCfg = Debug|Any CPU
		{F0CE054A-E6DF-49B0-90BF-FB481609A23F}.Debug|Any CPU.Build.0 = Debug|Any CPU
		{F0CE054A-E6DF-49B0-90BF-FB481609A23F}.Release|Any CPU.ActiveCfg = Release|Any CPU
		{F0CE054A-E6DF-49B0-90BF-FB481609A23F}.Release|Any CPU.Build.0 = Release|Any CPU
		{1A7F92D7-D524-4277-8E66-DBC90EA469C2}.Debug|Any CPU.ActiveCfg = Debug|Any CPU
		{1A7F92D7-D524-4277-8E66-DBC90EA469C2}.Debug|Any CPU.Build.0 = Debug|Any CPU
		{1A7F92D7-D524-4277-8E66-DBC90EA469C2}.Release|Any CPU.ActiveCfg = Release|Any CPU
		{1A7F92D7-D524-4277-8E66-DBC90EA469C2}.Release|Any CPU.Build.0 = Release|Any CPU
		{2DF14152-20E7-4C7A-8FCB-8BF4537E8AD1}.Debug|Any CPU.ActiveCfg = Debug|Any CPU
		{2DF14152-20E7-4C7A-8FCB-8BF4537E8AD1}.Debug|Any CPU.Build.0 = Debug|Any CPU
		{2DF14152-20E7-4C7A-8FCB-8BF4537E8AD1}.Release|Any CPU.ActiveCfg = Release|Any CPU
		{2DF14152-20E7-4C7A-8FCB-8BF4537E8AD1}.Release|Any CPU.Build.0 = Release|Any CPU
		{EF6731B9-1792-4B62-A67B-C62DC2756E46}.Debug|Any CPU.ActiveCfg = Debug|Any CPU
		{EF6731B9-1792-4B62-A67B-C62DC2756E46}.Debug|Any CPU.Build.0 = Debug|Any CPU
		{EF6731B9-1792-4B62-A67B-C62DC2756E46}.Release|Any CPU.ActiveCfg = Release|Any CPU
		{EF6731B9-1792-4B62-A67B-C62DC2756E46}.Release|Any CPU.Build.0 = Release|Any CPU
	EndGlobalSection
	GlobalSection(SolutionProperties) = preSolution
		HideSolutionNode = FALSE
	EndGlobalSection
	GlobalSection(ExtensibilityGlobals) = postSolution
		SolutionGuid = {0F65D888-115F-42DB-BFEE-3223BE901C0A}
	EndGlobalSection
EndGlobal
